Microsoft Visual Studio Solution File, Format Version 8.00
Project("{F184B08F-C81C-45F6-A57F-5ABD9991F28F}") = "TestBench", "..\TestBench\TestBench.vbproj", "{5A4B2E81-DD1D-4F62-ADEB-F58F5693A473}"
	ProjectSection(ProjectDependencies) = postProject
	EndProjectSection
EndProject
Project("{F184B08F-C81C-45F6-A57F-5ABD9991F28F}") = "translator", "translator.vbproj", "{1D54C2B6-8494-42A5-A4B9-68BC9FBB8B03}"
	ProjectSection(ProjectDependencies) = postProject
	EndProjectSection
EndProject
Global
	GlobalSection(SolutionConfiguration) = preSolution
		Debug = Debug
		Release = Release
	EndGlobalSection
	GlobalSection(ProjectConfiguration) = postSolution
		{5A4B2E81-DD1D-4F62-ADEB-F58F5693A473}.Debug.ActiveCfg = Debug|.NET
		{5A4B2E81-DD1D-4F62-ADEB-F58F5693A473}.Debug.Build.0 = Debug|.NET
		{5A4B2E81-DD1D-4F62-ADEB-F58F5693A473}.Release.ActiveCfg = Release|.NET
		{5A4B2E81-DD1D-4F62-ADEB-F58F5693A473}.Release.Build.0 = Release|.NET
		{1D54C2B6-8494-42A5-A4B9-68BC9FBB8B03}.Debug.ActiveCfg = Debug|.NET
		{1D54C2B6-8494-42A5-A4B9-68BC9FBB8B03}.Debug.Build.0 = Debug|.NET
		{1D54C2B6-8494-42A5-A4B9-68BC9FBB8B03}.Release.ActiveCfg = Release|.NET
		{1D54C2B6-8494-42A5-A4B9-68BC9FBB8B03}.Release.Build.0 = Release|.NET
	EndGlobalSection
	GlobalSection(ExtensibilityGlobals) = postSolution
	EndGlobalSection
	GlobalSection(ExtensibilityAddIns) = postSolution
	EndGlobalSection
EndGlobal
